# This file was autogenerated by uv via the following command:
#    uv export --no-dev --format requirements-txt --no-hashes
annotated-doc==0.0.4
    # via typer
anyio==4.14.0
    # via httpx
certifi==2026.6.17
    # via
    #   httpcore
    #   httpx
cffi==2.0.0 ; platform_python_implementation != 'PyPy' and sys_platform == 'linux'
    # via cryptography
colorama==0.4.6 ; sys_platform == 'win32'
    # via typer
cryptography==49.0.0 ; sys_platform == 'linux'
    # via secretstorage
h11==0.16.0
    # via httpcore
httpcore==1.0.9
    # via httpx
httpx==0.28.1
    # via k3s-dev
idna==3.18
    # via
    #   anyio
    #   httpx
jaraco-classes==3.4.0
    # via keyring
jaraco-context==6.1.2
    # via keyring
jaraco-functools==4.5.0
    # via keyring
jeepney==0.9.0 ; sys_platform == 'linux'
    # via
    #   keyring
    #   secretstorage
keyring==25.7.0
    # via k3s-dev
markdown-it-py==4.2.0
    # via rich
mdurl==0.1.2
    # via markdown-it-py
more-itertools==11.1.0
    # via
    #   jaraco-classes
    #   jaraco-functools
pycparser==3.0 ; implementation_name != 'PyPy' and platform_python_implementation != 'PyPy' and sys_platform == 'linux'
    # via cffi
pygments==2.20.0
    # via rich
pywin32-ctypes==0.2.3 ; sys_platform == 'win32'
    # via keyring
rich==15.0.0
    # via
    #   k3s-dev
    #   typer
secretstorage==3.5.0 ; sys_platform == 'linux'
    # via keyring
shellingham==1.5.4
    # via typer
typer==0.26.7
    # via k3s-dev
